// !$*UTF8*$!
{
	archiveVersion = 1;
	classes = {
	};
	objectVersion = 46;
	objects = {

/* Begin PBXBuildFile section */
		88590F35180B824D0036DFFD /* Foundation.framework in Frameworks */ = {isa = PBXBuildFile; fileRef = 88590F34180B824D0036DFFD /* Foundation.framework */; };
		88590F37180B824D0036DFFD /* CoreGraphics.framework in Frameworks */ = {isa = PBXBuildFile; fileRef = 88590F36180B824D0036DFFD /* CoreGraphics.framework */; };
		88590F39180B824D0036DFFD /* UIKit.framework in Frameworks */ = {isa = PBXBuildFile; fileRef = 88590F38180B824D0036DFFD /* UIKit.framework */; };
		88590F3F180B824D0036DFFD /* InfoPlist.strings in Resources */ = {isa = PBXBuildFile; fileRef = 88590F3D180B824D0036DFFD /* InfoPlist.strings */; };
		88590F41180B824D0036DFFD /* main.m in Sources */ = {isa = PBXBuildFile; fileRef = 88590F40180B824D0036DFFD /* main.m */; };
		88590F45180B824D0036DFFD /* AppDelegate.m in Sources */ = {isa = PBXBuildFile; fileRef = 88590F44180B824D0036DFFD /* AppDelegate.m */; };
		88590F48180B824D0036DFFD /* Main.storyboard in Resources */ = {isa = PBXBuildFile; fileRef = 88590F46180B824D0036DFFD /* Main.storyboard */; };
		88590F4B180B824D0036DFFD /* ViewController.m in Sources */ = {isa = PBXBuildFile; fileRef = 88590F4A180B824D0036DFFD /* ViewController.m */; };
		88590F4D180B824D0036DFFD /* Images.xcassets in Resources */ = {isa = PBXBuildFile; fileRef = 88590F4C180B824D0036DFFD /* Images.xcassets */; };
		88590F54180B824D0036DFFD /* XCTest.framework in Frameworks */ = {isa = PBXBuildFile; fileRef = 88590F53180B824D0036DFFD /* XCTest.framework */; };
		88590F55180B824D0036DFFD /* Foundation.framework in Frameworks */ = {isa = PBXBuildFile; fileRef = 88590F34180B824D0036DFFD /* Foundation.framework */; };
		88590F56180B824D0036DFFD /* UIKit.framework in Frameworks */ = {isa = PBXBuildFile; fileRef = 88590F38180B824D0036DFFD /* UIKit.framework */; };
		88590F5E180B824D0036DFFD /* InfoPlist.strings in Resources */ = {isa = PBXBuildFile; fileRef = 88590F5C180B824D0036DFFD /* InfoPlist.strings */; };
		88590F60180B824D0036DFFD /* UniqueCoTests.m in Sources */ = {isa = PBXBuildFile; fileRef = 88590F5F180B824D0036DFFD /* UniqueCoTests.m */; };
/* End PBXBuildFile section */

/* Begin PBXContainerItemProxy section */
		88590F57180B824D0036DFFD /* PBXContainerItemProxy */ = {
			isa = PBXContainerItemProxy;
			containerPortal = 88590F29180B824D0036DFFD /* Project object */;
			proxyType = 1;
			remoteGlobalIDString = 88590F30180B824D0036DFFD;
			remoteInfo = UniqueCo;
		};
/* End PBXContainerItemProxy section */

/* Begin PBXFileReference section */
		88590F31180B824D0036DFFD /* UniqueCo.app */ = {isa = PBXFileReference; explicitFileType = wrapper.application; includeInIndex = 0; path = UniqueCo.app; sourceTree = BUILT_PRODUCTS_DIR; };
		88590F34180B824D0036DFFD /* Foundation.framework */ = {isa = PBXFileReference; lastKnownFileType = wrapper.framework; name = Foundation.framework; path = System/Library/Frameworks/Foundation.framework; sourceTree = SDKROOT; };
		88590F36180B824D0036DFFD /* CoreGraphics.framework */ = {isa = PBXFileReference; lastKnownFileType = wrapper.framework; name = CoreGraphics.framework; path = System/Library/Frameworks/CoreGraphics.framework; sourceTree = SDKROOT; };
		88590F38180B824D0036DFFD /* UIKit.framework */ = {isa = PBXFileReference; lastKnownFileType = wrapper.framework; name = UIKit.framework; path = System/Library/Frameworks/UIKit.framework; sourceTree = SDKROOT; };
		88590F3C180B824D0036DFFD /* UniqueCo-Info.plist */ = {isa = PBXFileReference; lastKnownFileType = text.plist.xml; path = "UniqueCo-Info.plist"; sourceTree = "<group>"; };
		88590F3E180B824D0036DFFD /* en */ = {isa = PBXFileReference; lastKnownFileType = text.plist.strings; name = en; path = en.lproj/InfoPlist.strings; sourceTree = "<group>"; };
		88590F40180B824D0036DFFD /* main.m */ = {isa = PBXFileReference; lastKnownFileType = sourcecode.c.objc; path = main.m; sourceTree = "<group>"; };
		88590F42180B824D0036DFFD /* UniqueCo-Prefix.pch */ = {isa = PBXFileReference; lastKnownFileType = sourcecode.c.h; path = "UniqueCo-Prefix.pch"; sourceTree = "<group>"; };
		88590F43180B824D0036DFFD /* AppDelegate.h */ = {isa = PBXFileReference; lastKnownFileType = sourcecode.c.h; path = AppDelegate.h; sourceTree = "<group>"; };
		88590F44180B824D0036DFFD /* AppDelegate.m */ = {isa = PBXFileReference; lastKnownFileType = sourcecode.c.objc; path = AppDelegate.m; sourceTree = "<group>"; };
		88590F47180B824D0036DFFD /* Base */ = {isa = PBXFileReference; lastKnownFileType = file.storyboard; name = Base; path = Base.lproj/Main.storyboard; sourceTree = "<group>"; };
		88590F49180B824D0036DFFD /* ViewController.h */ = {isa = PBXFileReference; lastKnownFileType = sourcecode.c.h; path = ViewController.h; sourceTree = "<group>"; };
		88590F4A180B824D0036DFFD /* ViewController.m */ = {isa = PBXFileReference; lastKnownFileType = sourcecode.c.objc; path = ViewController.m; sourceTree = "<group>"; };
		88590F4C180B824D0036DFFD /* Images.xcassets */ = {isa = PBXFileReference; lastKnownFileType = folder.assetcatalog; path = Images.xcassets; sourceTree = "<group>"; };
		88590F52180B824D0036DFFD /* UniqueCoTests.xctest */ = {isa = PBXFileReference; explicitFileType = wrapper.cfbundle; includeInIndex = 0; path = UniqueCoTests.xctest; sourceTree = BUILT_PRODUCTS_DIR; };
		88590F53180B824D0036DFFD /* XCTest.framework */ = {isa = PBXFileReference; lastKnownFileType = wrapper.framework; name = XCTest.framework; path = Library/Frameworks/XCTest.framework; sourceTree = DEVELOPER_DIR; };
		88590F5B180B824D0036DFFD /* UniqueCoTests-Info.plist */ = {isa = PBXFileReference; lastKnownFileType = text.plist.xml; path = "UniqueCoTests-Info.plist"; sourceTree = "<group>"; };
		88590F5D180B824D0036DFFD /* en */ = {isa = PBXFileReference; lastKnownFileType = text.plist.strings; name = en; path = en.lproj/InfoPlist.strings; sourceTree = "<group>"; };
		88590F5F180B824D0036DFFD /* UniqueCoTests.m */ = {isa = PBXFileReference; lastKnownFileType = sourcecode.c.objc; path = UniqueCoTests.m; sourceTree = "<group>"; };
/* End PBXFileReference section */

/* Begin PBXFrameworksBuildPhase section */
		88590F2E180B824D0036DFFD /* Frameworks */ = {
			isa = PBXFrameworksBuildPhase;
			buildActionMask = 2147483647;
			files = (
				88590F37180B824D0036DFFD /* CoreGraphics.framework in Frameworks */,
				88590F39180B824D0036DFFD /* UIKit.framework in Frameworks */,
				88590F35180B824D0036DFFD /* Foundation.framework in Frameworks */,
			);
			runOnlyForDeploymentPostprocessing = 0;
		};
		88590F4F180B824D0036DFFD /* Frameworks */ = {
			isa = PBXFrameworksBuildPhase;
			buildActionMask = 2147483647;
			files = (
				88590F54180B824D0036DFFD /* XCTest.framework in Frameworks */,
				88590F56180B824D0036DFFD /* UIKit.framework in Frameworks */,
				88590F55180B824D0036DFFD /* Foundation.framework in Frameworks */,
			);
			runOnlyForDeploymentPostprocessing = 0;
		};
/* End PBXFrameworksBuildPhase section */

/* Begin PBXGroup section */
		88590F28180B824D0036DFFD = {
			isa = PBXGroup;
			children = (
				88590F3A180B824D0036DFFD /* UniqueCo */,
				88590F59180B824D0036DFFD /* UniqueCoTests */,
				88590F33180B824D0036DFFD /* Frameworks */,
				88590F32180B824D0036DFFD /* Products */,
			);
			sourceTree = "<group>";
		};
		88590F32180B824D0036DFFD /* Products */ = {
			isa = PBXGroup;
			children = (
				88590F31180B824D0036DFFD /* UniqueCo.app */,
				88590F52180B824D0036DFFD /* UniqueCoTests.xctest */,
			);
			name = Products;
			sourceTree = "<group>";
		};
		88590F33180B824D0036DFFD /* Frameworks */ = {
			isa = PBXGroup;
			children = (
				88590F34180B824D0036DFFD /* Foundation.framework */,
				88590F36180B824D0036DFFD /* CoreGraphics.framework */,
				88590F38180B824D0036DFFD /* UIKit.framework */,
				88590F53180B824D0036DFFD /* XCTest.framework */,
			);
			name = Frameworks;
			sourceTree = "<group>";
		};
		88590F3A180B824D0036DFFD /* UniqueCo */ = {
			isa = PBXGroup;
			children = (
				88590F43180B824D0036DFFD /* AppDelegate.h */,
				88590F44180B824D0036DFFD /* AppDelegate.m */,
				88590F46180B824D0036DFFD /* Main.storyboard */,
				88590F49180B824D0036DFFD /* ViewController.h */,
				88590F4A180B824D0036DFFD /* ViewController.m */,
				88590F4C180B824D0036DFFD /* Images.xcassets */,
				88590F3B180B824D0036DFFD /* Supporting Files */,
			);
			path = UniqueCo;
			sourceTree = "<group>";
		};
		88590F3B180B824D0036DFFD /* Supporting Files */ = {
			isa = PBXGroup;
			children = (
				88590F3C180B824D0036DFFD /* UniqueCo-Info.plist */,
				88590F3D180B824D0036DFFD /* InfoPlist.strings */,
				88590F40180B824D0036DFFD /* main.m */,
				88590F42180B824D0036DFFD /* UniqueCo-Prefix.pch */,
			);
			name = "Supporting Files";
			sourceTree = "<group>";
		};
		88590F59180B824D0036DFFD /* UniqueCoTests */ = {
			isa = PBXGroup;
			children = (
				88590F5F180B824D0036DFFD /* UniqueCoTests.m */,
				88590F5A180B824D0036DFFD /* Supporting Files */,
			);
			path = UniqueCoTests;
			sourceTree = "<group>";
		};
		88590F5A180B824D0036DFFD /* Supporting Files */ = {
			isa = PBXGroup;
			children = (
				88590F5B180B824D0036DFFD /* UniqueCoTests-Info.plist */,
				88590F5C180B824D0036DFFD /* InfoPlist.strings */,
			);
			name = "Supporting Files";
			sourceTree = "<group>";
		};
/* End PBXGroup section */

/* Begin PBXNativeTarget section */
		88590F30180B824D0036DFFD /* UniqueCo */ = {
			isa = PBXNativeTarget;
			buildConfigurationList = 88590F63180B824D0036DFFD /* Build configuration list for PBXNativeTarget "UniqueCo" */;
			buildPhases = (
				88590F2D180B824D0036DFFD /* Sources */,
				88590F2E180B824D0036DFFD /* Frameworks */,
				88590F2F180B824D0036DFFD /* Resources */,
			);
			buildRules = (
			);
			dependencies = (
			);
			name = UniqueCo;
			productName = UniqueCo;
			productReference = 88590F31180B824D0036DFFD /* UniqueCo.app */;
			productType = "com.apple.product-type.application";
		};
		88590F51180B824D0036DFFD /* UniqueCoTests */ = {
			isa = PBXNativeTarget;
			buildConfigurationList = 88590F66180B824D0036DFFD /* Build configuration list for PBXNativeTarget "UniqueCoTests" */;
			buildPhases = (
				88590F4E180B824D0036DFFD /* Sources */,
				88590F4F180B824D0036DFFD /* Frameworks */,
				88590F50180B824D0036DFFD /* Resources */,
			);
			buildRules = (
			);
			dependencies = (
				88590F58180B824D0036DFFD /* PBXTargetDependency */,
			);
			name = UniqueCoTests;
			productName = UniqueCoTests;
			productReference = 88590F52180B824D0036DFFD /* UniqueCoTests.xctest */;
			productType = "com.apple.product-type.bundle.unit-test";
		};
/* End PBXNativeTarget section */

/* Begin PBXProject section */
		88590F29180B824D0036DFFD /* Project object */ = {
			isa = PBXProject;
			attributes = {
				LastUpgradeCheck = 0500;
				ORGANIZATIONNAME = "Ernesto Freyre";
				TargetAttributes = {
					88590F51180B824D0036DFFD = {
						TestTargetID = 88590F30180B824D0036DFFD;
					};
				};
			};
			buildConfigurationList = 88590F2C180B824D0036DFFD /* Build configuration list for PBXProject "UniqueCo" */;
			compatibilityVersion = "Xcode 3.2";
			developmentRegion = English;
			hasScannedForEncodings = 0;
			knownRegions = (
				en,
				Base,
			);
			mainGroup = 88590F28180B824D0036DFFD;
			productRefGroup = 88590F32180B824D0036DFFD /* Products */;
			projectDirPath = "";
			projectRoot = "";
			targets = (
				88590F30180B824D0036DFFD /* UniqueCo */,
				88590F51180B824D0036DFFD /* UniqueCoTests */,
			);
		};
/* End PBXProject section */

/* Begin PBXResourcesBuildPhase section */
		88590F2F180B824D0036DFFD /* Resources */ = {
			isa = PBXResourcesBuildPhase;
			buildActionMask = 2147483647;
			files = (
				88590F4D180B824D0036DFFD /* Images.xcassets in Resources */,
				88590F3F180B824D0036DFFD /* InfoPlist.strings in Resources */,
				88590F48180B824D0036DFFD /* Main.storyboard in Resources */,
			);
			runOnlyForDeploymentPostprocessing = 0;
		};
		88590F50180B824D0036DFFD /* Resources */ = {
			isa = PBXResourcesBuildPhase;
			buildActionMask = 2147483647;
			files = (
				88590F5E180B824D0036DFFD /* InfoPlist.strings in Resources */,
			);
			runOnlyForDeploymentPostprocessing = 0;
		};
/* End PBXResourcesBuildPhase section */

/* Begin PBXSourcesBuildPhase section */
		88590F2D180B824D0036DFFD /* Sources */ = {
			isa = PBXSourcesBuildPhase;
			buildActionMask = 2147483647;
			files = (
				88590F4B180B824D0036DFFD /* ViewController.m in Sources */,
				88590F45180B824D0036DFFD /* AppDelegate.m in Sources */,
				88590F41180B824D0036DFFD /* main.m in Sources */,
			);
			runOnlyForDeploymentPostprocessing = 0;
		};
		88590F4E180B824D0036DFFD /* Sources */ = {
			isa = PBXSourcesBuildPhase;
			buildActionMask = 2147483647;
			files = (
				88590F60180B824D0036DFFD /* UniqueCoTests.m in Sources */,
			);
			runOnlyForDeploymentPostprocessing = 0;
		};
/* End PBXSourcesBuildPhase section */

/* Begin PBXTargetDependency section */
		88590F58180B824D0036DFFD /* PBXTargetDependency */ = {
			isa = PBXTargetDependency;
			target = 88590F30180B824D0036DFFD /* UniqueCo */;
			targetProxy = 88590F57180B824D0036DFFD /* PBXContainerItemProxy */;
		};
/* End PBXTargetDependency section */

/* Begin PBXVariantGroup section */
		88590F3D180B824D0036DFFD /* InfoPlist.strings */ = {
			isa = PBXVariantGroup;
			children = (
				88590F3E180B824D0036DFFD /* en */,
			);
			name = InfoPlist.strings;
			sourceTree = "<group>";
		};
		88590F46180B824D0036DFFD /* Main.storyboard */ = {
			isa = PBXVariantGroup;
			children = (
				88590F47180B824D0036DFFD /* Base */,
			);
			name = Main.storyboard;
			sourceTree = "<group>";
		};
		88590F5C180B824D0036DFFD /* InfoPlist.strings */ = {
			isa = PBXVariantGroup;
			children = (
				88590F5D180B824D0036DFFD /* en */,
			);
			name = InfoPlist.strings;
			sourceTree = "<group>";
		};
/* End PBXVariantGroup section */

/* Begin XCBuildConfiguration section */
		88590F61180B824D0036DFFD /* Debug */ = {
			isa = XCBuildConfiguration;
			buildSettings = {
				ALWAYS_SEARCH_USER_PATHS = NO;
				ARCHS = "$(ARCHS_STANDARD_INCLUDING_64_BIT)";
				CLANG_CXX_LANGUAGE_STANDARD = "gnu++0x";
				CLANG_CXX_LIBRARY = "libc++";
				CLANG_ENABLE_MODULES = YES;
				CLANG_ENABLE_OBJC_ARC = YES;
				CLANG_WARN_BOOL_CONVERSION = YES;
				CLANG_WARN_CONSTANT_CONVERSION = YES;
				CLANG_WARN_DIRECT_OBJC_ISA_USAGE = YES_ERROR;
				CLANG_WARN_EMPTY_BODY = YES;
				CLANG_WARN_ENUM_CONVERSION = YES;
				CLANG_WARN_INT_CONVERSION = YES;
				CLANG_WARN_OBJC_ROOT_CLASS = YES_ERROR;
				CLANG_WARN__DUPLICATE_METHOD_MATCH = YES;
				"CODE_SIGN_IDENTITY[sdk=iphoneos*]" = "iPhone Developer";
				COPY_PHASE_STRIP = NO;
				GCC_C_LANGUAGE_STANDARD = gnu99;
				GCC_DYNAMIC_NO_PIC = NO;
				GCC_OPTIMIZATION_LEVEL = 0;
				GCC_PREPROCESSOR_DEFINITIONS = (
					"DEBUG=1",
					"$(inherited)",
				);
				GCC_SYMBOLS_PRIVATE_EXTERN = NO;
				GCC_WARN_64_TO_32_BIT_CONVERSION = YES;
				GCC_WARN_ABOUT_RETURN_TYPE = YES_ERROR;
				GCC_WARN_UNDECLARED_SELECTOR = YES;
				GCC_WARN_UNINITIALIZED_AUTOS = YES;
				GCC_WARN_UNUSED_FUNCTION = YES;
				GCC_WARN_UNUSED_VARIABLE = YES;
				IPHONEOS_DEPLOYMENT_TARGET = 7.0;
				ONLY_ACTIVE_ARCH = YES;
				SDKROOT = iphoneos;
			};
			name = Debug;
		};
		88590F62180B824D0036DFFD /* Release */ = {
			isa = XCBuildConfiguration;
			buildSettings = {
				ALWAYS_SEARCH_USER_PATHS = NO;
				ARCHS = "$(ARCHS_STANDARD_INCLUDING_64_BIT)";
				CLANG_CXX_LANGUAGE_STANDARD = "gnu++0x";
				CLANG_CXX_LIBRARY = "libc++";
				CLANG_ENABLE_MODULES = YES;
				CLANG_ENABLE_OBJC_ARC = YES;
				CLANG_WARN_BOOL_CONVERSION = YES;
				CLANG_WARN_CONSTANT_CONVERSION = YES;
				CLANG_WARN_DIRECT_OBJC_ISA_USAGE = YES_ERROR;
				CLANG_WARN_EMPTY_BODY = YES;
				CLANG_WARN_ENUM_CONVERSION = YES;
				CLANG_WARN_INT_CONVERSION = YES;
				CLANG_WARN_OBJC_ROOT_CLASS = YES_ERROR;
				CLANG_WARN__DUPLICATE_METHOD_MATCH = YES;
				"CODE_SIGN_IDENTITY[sdk=iphoneos*]" = "iPhone Developer";
				COPY_PHASE_STRIP = YES;
				ENABLE_NS_ASSERTIONS = NO;
				GCC_C_LANGUAGE_STANDARD = gnu99;
				GCC_WARN_64_TO_32_BIT_CONVERSION = YES;
				GCC_WARN_ABOUT_RETURN_TYPE = YES_ERROR;
				GCC_WARN_UNDECLARED_SELECTOR = YES;
				GCC_WARN_UNINITIALIZED_AUTOS = YES;
				GCC_WARN_UNUSED_FUNCTION = YES;
				GCC_WARN_UNUSED_VARIABLE = YES;
				IPHONEOS_DEPLOYMENT_TARGET = 7.0;
				SDKROOT = iphoneos;
				VALIDATE_PRODUCT = YES;
			};
			name = Release;
		};
		88590F64180B824D0036DFFD /* Debug */ = {
			isa = XCBuildConfiguration;
			buildSettings = {
				ASSETCATALOG_COMPILER_APPICON_NAME = AppIcon;
				ASSETCATALOG_COMPILER_LAUNCHIMAGE_NAME = LaunchImage;
				GCC_PRECOMPILE_PREFIX_HEADER = YES;
				GCC_PREFIX_HEADER = "UniqueCo/UniqueCo-Prefix.pch";
				INFOPLIST_FILE = "UniqueCo/UniqueCo-Info.plist";
				PRODUCT_NAME = "$(TARGET_NAME)";
				WRAPPER_EXTENSION = app;
			};
			name = Debug;
		};
		88590F65180B824D0036DFFD /* Release */ = {
			isa = XCBuildConfiguration;
			buildSettings = {
				ASSETCATALOG_COMPILER_APPICON_NAME = AppIcon;
				ASSETCATALOG_COMPILER_LAUNCHIMAGE_NAME = LaunchImage;
				GCC_PRECOMPILE_PREFIX_HEADER = YES;
				GCC_PREFIX_HEADER = "UniqueCo/UniqueCo-Prefix.pch";
				INFOPLIST_FILE = "UniqueCo/UniqueCo-Info.plist";
				PRODUCT_NAME = "$(TARGET_NAME)";
				WRAPPER_EXTENSION = app;
			};
			name = Release;
		};
		88590F67180B824D0036DFFD /* Debug */ = {
			isa = XCBuildConfiguration;
			buildSettings = {
				ARCHS = "$(ARCHS_STANDARD_INCLUDING_64_BIT)";
				BUNDLE_LOADER = "$(BUILT_PRODUCTS_DIR)/UniqueCo.app/UniqueCo";
				FRAMEWORK_SEARCH_PATHS = (
					"$(SDKROOT)/Developer/Library/Frameworks",
					"$(inherited)",
					"$(DEVELOPER_FRAMEWORKS_DIR)",
				);
				GCC_PRECOMPILE_PREFIX_HEADER = YES;
				GCC_PREFIX_HEADER = "UniqueCo/UniqueCo-Prefix.pch";
				GCC_PREPROCESSOR_DEFINITIONS = (
					"DEBUG=1",
					"$(inherited)",
				);
				INFOPLIST_FILE = "UniqueCoTests/UniqueCoTests-Info.plist";
				PRODUCT_NAME = "$(TARGET_NAME)";
				TEST_HOST = "$(BUNDLE_LOADER)";
				WRAPPER_EXTENSION = xctest;
			};
			name = Debug;
		};
		88590F68180B824D0036DFFD /* Release */ = {
			isa = XCBuildConfiguration;
			buildSettings = {
				ARCHS = "$(ARCHS_STANDARD_INCLUDING_64_BIT)";
				BUNDLE_LOADER = "$(BUILT_PRODUCTS_DIR)/UniqueCo.app/UniqueCo";
				FRAMEWORK_SEARCH_PATHS = (
					"$(SDKROOT)/Developer/Library/Frameworks",
					"$(inherited)",
					"$(DEVELOPER_FRAMEWORKS_DIR)",
				);
				GCC_PRECOMPILE_PREFIX_HEADER = YES;
				GCC_PREFIX_HEADER = "UniqueCo/UniqueCo-Prefix.pch";
				INFOPLIST_FILE = "UniqueCoTests/UniqueCoTests-Info.plist";
				PRODUCT_NAME = "$(TARGET_NAME)";
				TEST_HOST = "$(BUNDLE_LOADER)";
				WRAPPER_EXTENSION = xctest;
			};
			name = Release;
		};
/* End XCBuildConfiguration section */

/* Begin XCConfigurationList section */
		88590F2C180B824D0036DFFD /* Build configuration list for PBXProject "UniqueCo" */ = {
			isa = XCConfigurationList;
			buildConfigurations = (
				88590F61180B824D0036DFFD /* Debug */,
				88590F62180B824D0036DFFD /* Release */,
			);
			defaultConfigurationIsVisible = 0;
			defaultConfigurationName = Release;
		};
		88590F63180B824D0036DFFD /* Build configuration list for PBXNativeTarget "UniqueCo" */ = {
			isa = XCConfigurationList;
			buildConfigurations = (
				88590F64180B824D0036DFFD /* Debug */,
				88590F65180B824D0036DFFD /* Release */,
			);
			defaultConfigurationIsVisible = 0;
		};
		88590F66180B824D0036DFFD /* Build configuration list for PBXNativeTarget "UniqueCoTests" */ = {
			isa = XCConfigurationList;
			buildConfigurations = (
				88590F67180B824D0036DFFD /* Debug */,
				88590F68180B824D0036DFFD /* Release */,
			);
			defaultConfigurationIsVisible = 0;
		};
/* End XCConfigurationList section */
	};
	rootObject = 88590F29180B824D0036DFFD /* Project object */;
}
