// !$*UTF8*$!
{
	archiveVersion = 1;
	classes = {
	};
	objectVersion = 46;
	objects = {

/* Begin PBXBuildFile section */
		31604052E05AFFC5C2B9C205 /* NSStringAdditions.m in Sources */ = {isa = PBXBuildFile; fileRef = 316041A8B8403B3B9262D60B /* NSStringAdditions.m */; };
		31604186A94B1D14C3280779 /* NSString+BDUtilities.m in Sources */ = {isa = PBXBuildFile; fileRef = 316047566C973F02E05005AD /* NSString+BDUtilities.m */; };
		316041FDF1C63DBFD833E978 /* BDRSACryptorKeyPair.m in Sources */ = {isa = PBXBuildFile; fileRef = 316046B909A37A882E48D7C6 /* BDRSACryptorKeyPair.m */; };
		3160423F269854A87BB3CBB6 /* NSDictionary+BDParseJSON.m in Sources */ = {isa = PBXBuildFile; fileRef = 31604E48548643BCAF22E31D /* NSDictionary+BDParseJSON.m */; };
		3160435EB879BEACDFE898A1 /* BDRSACryptor.m in Sources */ = {isa = PBXBuildFile; fileRef = 316044542E8A064749BE4894 /* BDRSACryptor.m */; };
		3160437A25A3CD68C2B9CA5A /* BDAESCryptor.m in Sources */ = {isa = PBXBuildFile; fileRef = 316048D3CEEC3F9CBA66870B /* BDAESCryptor.m */; };
		3160439718F0F5656CEADCAF /* BDCryptor.m in Sources */ = {isa = PBXBuildFile; fileRef = 31604B942B0EC5FD7F5E5A9C /* BDCryptor.m */; };
		316044FEB53F2258CDFB721F /* NSObject+BDJSONSerialization.m in Sources */ = {isa = PBXBuildFile; fileRef = 31604849F798DFF9A46EC0CD /* NSObject+BDJSONSerialization.m */; };
		31604579CAEBD2323AAB4CF3 /* BDJSONError.m in Sources */ = {isa = PBXBuildFile; fileRef = 316043E8F8F6C94BB2CC2F2C /* BDJSONError.m */; };
		316047691F665AB349C34D7C /* NSArray+BDJSONSerialization.m in Sources */ = {isa = PBXBuildFile; fileRef = 3160425E84676AA5C4421B80 /* NSArray+BDJSONSerialization.m */; };
		316048294AC10D7B19D1B987 /* BDSHA512Cryptor.m in Sources */ = {isa = PBXBuildFile; fileRef = 316043B5D7C809E198D9E898 /* BDSHA512Cryptor.m */; };
		3160494396E28E5062B3BFE4 /* NSString+Base64.m in Sources */ = {isa = PBXBuildFile; fileRef = 31604C38D0F3A61CB341922E /* NSString+Base64.m */; };
		31604954295E0A28806EF108 /* NSString+BDJSONSerialization.m in Sources */ = {isa = PBXBuildFile; fileRef = 31604B7208093CAA686B4D84 /* NSString+BDJSONSerialization.m */; };
		31604C08E3506946A5C3A2D2 /* BDCryptorError.m in Sources */ = {isa = PBXBuildFile; fileRef = 3160422D05497C06C263B358 /* BDCryptorError.m */; };
		31604C5E359167903BB68237 /* NSDictionary+BDJSONSerialization.m in Sources */ = {isa = PBXBuildFile; fileRef = 31604300CBC87CC380E57C2C /* NSDictionary+BDJSONSerialization.m */; };
		31604CD957E32F378BF66EB0 /* NSData+BDJSONSerialization.m in Sources */ = {isa = PBXBuildFile; fileRef = 31604CE456B15C6D9820C69E /* NSData+BDJSONSerialization.m */; };
		31604E9FA87CC628211843F3 /* NSData+Base64.m in Sources */ = {isa = PBXBuildFile; fileRef = 316049613C3C6B847F634508 /* NSData+Base64.m */; };
		31604E9FECA51DE82E1A77C1 /* BDAESCBC256Cryptor.m in Sources */ = {isa = PBXBuildFile; fileRef = 3160429162C3A0B125C6AF02 /* BDAESCBC256Cryptor.m */; };
		31604EEDC4FA96B79C4CEEEF /* BDError.m in Sources */ = {isa = PBXBuildFile; fileRef = 31604A7BB3C9A92AC2BA9A6A /* BDError.m */; };
		31604F85770C0DE6B9C5C8D7 /* NSDataAdditions.m in Sources */ = {isa = PBXBuildFile; fileRef = 3160496BB4A0FC81D171CC1F /* NSDataAdditions.m */; };
		881EC8D1181223D50076DB42 /* BottomBarView.m in Sources */ = {isa = PBXBuildFile; fileRef = 881EC8D0181223D50076DB42 /* BottomBarView.m */; };
		881EC8D418122BE70076DB42 /* takepicture.png in Resources */ = {isa = PBXBuildFile; fileRef = 881EC8D218122BE70076DB42 /* takepicture.png */; };
		881EC8DB181230000076DB42 /* giveaway.png in Resources */ = {isa = PBXBuildFile; fileRef = 881EC8D7181230000076DB42 /* giveaway.png */; };
		881EC8DC181230000076DB42 /* trash.png in Resources */ = {isa = PBXBuildFile; fileRef = 881EC8D8181230000076DB42 /* trash.png */; };
		881EC8E0181240820076DB42 /* TopBarView.m in Sources */ = {isa = PBXBuildFile; fileRef = 881EC8DF181240820076DB42 /* TopBarView.m */; };
		881EC8E41812414B0076DB42 /* decks.png in Resources */ = {isa = PBXBuildFile; fileRef = 881EC8E11812414B0076DB42 /* decks.png */; };
		881EC8E51812414B0076DB42 /* draw.png in Resources */ = {isa = PBXBuildFile; fileRef = 881EC8E21812414B0076DB42 /* draw.png */; };
		881EC8E61812414B0076DB42 /* data.png in Resources */ = {isa = PBXBuildFile; fileRef = 881EC8E31812414B0076DB42 /* data.png */; };
		88590F35180B824D0036DFFD /* Foundation.framework in Frameworks */ = {isa = PBXBuildFile; fileRef = 88590F34180B824D0036DFFD /* Foundation.framework */; };
		88590F37180B824D0036DFFD /* CoreGraphics.framework in Frameworks */ = {isa = PBXBuildFile; fileRef = 88590F36180B824D0036DFFD /* CoreGraphics.framework */; };
		88590F39180B824D0036DFFD /* UIKit.framework in Frameworks */ = {isa = PBXBuildFile; fileRef = 88590F38180B824D0036DFFD /* UIKit.framework */; };
		88590F3F180B824D0036DFFD /* InfoPlist.strings in Resources */ = {isa = PBXBuildFile; fileRef = 88590F3D180B824D0036DFFD /* InfoPlist.strings */; };
		88590F41180B824D0036DFFD /* main.m in Sources */ = {isa = PBXBuildFile; fileRef = 88590F40180B824D0036DFFD /* main.m */; };
		88590F45180B824D0036DFFD /* AppDelegate.m in Sources */ = {isa = PBXBuildFile; fileRef = 88590F44180B824D0036DFFD /* AppDelegate.m */; };
		88590F4D180B824D0036DFFD /* Images.xcassets in Resources */ = {isa = PBXBuildFile; fileRef = 88590F4C180B824D0036DFFD /* Images.xcassets */; };
		88590F54180B824D0036DFFD /* XCTest.framework in Frameworks */ = {isa = PBXBuildFile; fileRef = 88590F53180B824D0036DFFD /* XCTest.framework */; };
		88590F55180B824D0036DFFD /* Foundation.framework in Frameworks */ = {isa = PBXBuildFile; fileRef = 88590F34180B824D0036DFFD /* Foundation.framework */; };
		88590F56180B824D0036DFFD /* UIKit.framework in Frameworks */ = {isa = PBXBuildFile; fileRef = 88590F38180B824D0036DFFD /* UIKit.framework */; };
		88590F5E180B824D0036DFFD /* InfoPlist.strings in Resources */ = {isa = PBXBuildFile; fileRef = 88590F5C180B824D0036DFFD /* InfoPlist.strings */; };
		88590F60180B824D0036DFFD /* UniqueCoTests.m in Sources */ = {isa = PBXBuildFile; fileRef = 88590F5F180B824D0036DFFD /* UniqueCoTests.m */; };
		88590FB2180B93830036DFFD /* MultiDeckViewController.m in Sources */ = {isa = PBXBuildFile; fileRef = 88590FB0180B93830036DFFD /* MultiDeckViewController.m */; };
		88590FB3180B93830036DFFD /* MultiDeckViewController.xib in Resources */ = {isa = PBXBuildFile; fileRef = 88590FB1180B93830036DFFD /* MultiDeckViewController.xib */; };
		88590FB6180BB9D40036DFFD /* Deck.m in Sources */ = {isa = PBXBuildFile; fileRef = 88590FB5180BB9D40036DFFD /* Deck.m */; };
		88590FBB180BE1930036DFFD /* card3.jpg in Resources */ = {isa = PBXBuildFile; fileRef = 88590FB8180BE1930036DFFD /* card3.jpg */; };
		88590FBC180BE1930036DFFD /* card2.jpg in Resources */ = {isa = PBXBuildFile; fileRef = 88590FB9180BE1930036DFFD /* card2.jpg */; };
		88590FBD180BE1930036DFFD /* card1.jpg in Resources */ = {isa = PBXBuildFile; fileRef = 88590FBA180BE1930036DFFD /* card1.jpg */; };
		88590FBF180BE3C20036DFFD /* card4.jpg in Resources */ = {isa = PBXBuildFile; fileRef = 88590FBE180BE3C20036DFFD /* card4.jpg */; };
		886553C21815C2450000E822 /* UIImage+Resize.m in Sources */ = {isa = PBXBuildFile; fileRef = 886553BC1815C2450000E822 /* UIImage+Resize.m */; };
		886553C31815C2450000E822 /* UIImage+Alpha.m in Sources */ = {isa = PBXBuildFile; fileRef = 886553BD1815C2450000E822 /* UIImage+Alpha.m */; };
		886553C41815C2450000E822 /* UIImage+RoundedCorner.m in Sources */ = {isa = PBXBuildFile; fileRef = 886553BE1815C2450000E822 /* UIImage+RoundedCorner.m */; };
		8865F4A8180DF2C400FC7DA0 /* norwester.ttf in Resources */ = {isa = PBXBuildFile; fileRef = 8865F4A7180DF2C400FC7DA0 /* norwester.ttf */; };
		887D472D180F348F008A12FE /* Social.framework in Frameworks */ = {isa = PBXBuildFile; fileRef = 887D472C180F348F008A12FE /* Social.framework */; };
		887D4731180F4EEF008A12FE /* DeckBrowserViewController.m in Sources */ = {isa = PBXBuildFile; fileRef = 887D472F180F4EEF008A12FE /* DeckBrowserViewController.m */; };
		887D4732180F4EEF008A12FE /* DeckBrowserViewController.xib in Resources */ = {isa = PBXBuildFile; fileRef = 887D4730180F4EEF008A12FE /* DeckBrowserViewController.xib */; };
		887D4735180F6015008A12FE /* CardDeck.m in Sources */ = {isa = PBXBuildFile; fileRef = 887D4734180F6015008A12FE /* CardDeck.m */; };
		887D4738180F6016008A12FE /* Card.m in Sources */ = {isa = PBXBuildFile; fileRef = 887D4737180F6016008A12FE /* Card.m */; };
		887D473B180FA3EA008A12FE /* FrontCardView.m in Sources */ = {isa = PBXBuildFile; fileRef = 887D473A180FA3EA008A12FE /* FrontCardView.m */; };
		887D473F180FC28E008A12FE /* BackCardViewController.m in Sources */ = {isa = PBXBuildFile; fileRef = 887D473D180FC28E008A12FE /* BackCardViewController.m */; };
		887D4740180FC28E008A12FE /* BackCardViewController.xib in Resources */ = {isa = PBXBuildFile; fileRef = 887D473E180FC28E008A12FE /* BackCardViewController.xib */; };
		887D4742180FC446008A12FE /* back.png in Resources */ = {isa = PBXBuildFile; fileRef = 887D4741180FC446008A12FE /* back.png */; };
		889F220A180CADE100ED62A3 /* Deck.xcdatamodeld in Sources */ = {isa = PBXBuildFile; fileRef = 889F2208180CADE100ED62A3 /* Deck.xcdatamodeld */; };
		889F220C180CBC0900ED62A3 /* CoreData.framework in Frameworks */ = {isa = PBXBuildFile; fileRef = 889F220B180CBC0900ED62A3 /* CoreData.framework */; };
		999202CAF68F4287ACDEEEC9 /* libPods.a in Frameworks */ = {isa = PBXBuildFile; fileRef = E0143C9B8A6A44ADB3A11E9A /* libPods.a */; };
/* End PBXBuildFile section */

/* Begin PBXContainerItemProxy section */
		88590F57180B824D0036DFFD /* PBXContainerItemProxy */ = {
			isa = PBXContainerItemProxy;
			containerPortal = 88590F29180B824D0036DFFD /* Project object */;
			proxyType = 1;
			remoteGlobalIDString = 88590F30180B824D0036DFFD;
			remoteInfo = UniqueCo;
		};
/* End PBXContainerItemProxy section */

/* Begin PBXFileReference section */
		3160400BC3CB7DA3BA2BB298 /* BDAESCryptor.h */ = {isa = PBXFileReference; fileEncoding = 4; lastKnownFileType = sourcecode.c.h; path = BDAESCryptor.h; sourceTree = "<group>"; };
		316040B7EFBC2C87AE29D999 /* NSDataAdditions.h */ = {isa = PBXFileReference; fileEncoding = 4; lastKnownFileType = sourcecode.c.h; path = NSDataAdditions.h; sourceTree = "<group>"; };
		31604122BDDA95AE7D9709CD /* NSStringAdditions.h */ = {isa = PBXFileReference; fileEncoding = 4; lastKnownFileType = sourcecode.c.h; path = NSStringAdditions.h; sourceTree = "<group>"; };
		316041A0B5F759C947682324 /* BDJSON.h */ = {isa = PBXFileReference; fileEncoding = 4; lastKnownFileType = sourcecode.c.h; path = BDJSON.h; sourceTree = "<group>"; };
		316041A8B8403B3B9262D60B /* NSStringAdditions.m */ = {isa = PBXFileReference; fileEncoding = 4; lastKnownFileType = sourcecode.c.objc; path = NSStringAdditions.m; sourceTree = "<group>"; };
		3160422D05497C06C263B358 /* BDCryptorError.m */ = {isa = PBXFileReference; fileEncoding = 4; lastKnownFileType = sourcecode.c.objc; path = BDCryptorError.m; sourceTree = "<group>"; };
		3160425E84676AA5C4421B80 /* NSArray+BDJSONSerialization.m */ = {isa = PBXFileReference; fileEncoding = 4; lastKnownFileType = sourcecode.c.objc; path = "NSArray+BDJSONSerialization.m"; sourceTree = "<group>"; };
		3160429162C3A0B125C6AF02 /* BDAESCBC256Cryptor.m */ = {isa = PBXFileReference; fileEncoding = 4; lastKnownFileType = sourcecode.c.objc; path = BDAESCBC256Cryptor.m; sourceTree = "<group>"; };
		316042A9BDDFFEAC2F62C8AD /* BDAESCBC256Cryptor.h */ = {isa = PBXFileReference; fileEncoding = 4; lastKnownFileType = sourcecode.c.h; path = BDAESCBC256Cryptor.h; sourceTree = "<group>"; };
		31604300CBC87CC380E57C2C /* NSDictionary+BDJSONSerialization.m */ = {isa = PBXFileReference; fileEncoding = 4; lastKnownFileType = sourcecode.c.objc; path = "NSDictionary+BDJSONSerialization.m"; sourceTree = "<group>"; };
		3160434184C7E599D2095D82 /* NSDictionary+BDJSONSerialization.h */ = {isa = PBXFileReference; fileEncoding = 4; lastKnownFileType = sourcecode.c.h; path = "NSDictionary+BDJSONSerialization.h"; sourceTree = "<group>"; };
		316043B5D7C809E198D9E898 /* BDSHA512Cryptor.m */ = {isa = PBXFileReference; fileEncoding = 4; lastKnownFileType = sourcecode.c.objc; path = BDSHA512Cryptor.m; sourceTree = "<group>"; };
		316043C0FC57A41FB18B5450 /* NSObject+BDJSONSerialization.h */ = {isa = PBXFileReference; fileEncoding = 4; lastKnownFileType = sourcecode.c.h; path = "NSObject+BDJSONSerialization.h"; sourceTree = "<group>"; };
		316043E8F8F6C94BB2CC2F2C /* BDJSONError.m */ = {isa = PBXFileReference; fileEncoding = 4; lastKnownFileType = sourcecode.c.objc; path = BDJSONError.m; sourceTree = "<group>"; };
		316044542E8A064749BE4894 /* BDRSACryptor.m */ = {isa = PBXFileReference; fileEncoding = 4; lastKnownFileType = sourcecode.c.objc; path = BDRSACryptor.m; sourceTree = "<group>"; };
		316044D4B34B601982B9CFAD /* NSString+BDUtilities.h */ = {isa = PBXFileReference; fileEncoding = 4; lastKnownFileType = sourcecode.c.h; path = "NSString+BDUtilities.h"; sourceTree = "<group>"; };
		316045D0D5B13AE3359F594E /* NSData+BDJSONSerialization.h */ = {isa = PBXFileReference; fileEncoding = 4; lastKnownFileType = sourcecode.c.h; path = "NSData+BDJSONSerialization.h"; sourceTree = "<group>"; };
		316046930A0FBAD428CB513D /* NSArray+BDJSONSerialization.h */ = {isa = PBXFileReference; fileEncoding = 4; lastKnownFileType = sourcecode.c.h; path = "NSArray+BDJSONSerialization.h"; sourceTree = "<group>"; };
		3160469A91A01B3AEC5F407A /* BDRSACryptor.h */ = {isa = PBXFileReference; fileEncoding = 4; lastKnownFileType = sourcecode.c.h; path = BDRSACryptor.h; sourceTree = "<group>"; };
		316046A6DE3E13BB942899C9 /* BDSHA512Cryptor.h */ = {isa = PBXFileReference; fileEncoding = 4; lastKnownFileType = sourcecode.c.h; path = BDSHA512Cryptor.h; sourceTree = "<group>"; };
		316046B909A37A882E48D7C6 /* BDRSACryptorKeyPair.m */ = {isa = PBXFileReference; fileEncoding = 4; lastKnownFileType = sourcecode.c.objc; path = BDRSACryptorKeyPair.m; sourceTree = "<group>"; };
		316047357CBDC59DC8DCE1FD /* BDJSONError.h */ = {isa = PBXFileReference; fileEncoding = 4; lastKnownFileType = sourcecode.c.h; path = BDJSONError.h; sourceTree = "<group>"; };
		316047566C973F02E05005AD /* NSString+BDUtilities.m */ = {isa = PBXFileReference; fileEncoding = 4; lastKnownFileType = sourcecode.c.objc; path = "NSString+BDUtilities.m"; sourceTree = "<group>"; };
		316047AD216DCAA9DD96896B /* BDCryptorError.h */ = {isa = PBXFileReference; fileEncoding = 4; lastKnownFileType = sourcecode.c.h; path = BDCryptorError.h; sourceTree = "<group>"; };
		31604849F798DFF9A46EC0CD /* NSObject+BDJSONSerialization.m */ = {isa = PBXFileReference; fileEncoding = 4; lastKnownFileType = sourcecode.c.objc; path = "NSObject+BDJSONSerialization.m"; sourceTree = "<group>"; };
		316048D3CEEC3F9CBA66870B /* BDAESCryptor.m */ = {isa = PBXFileReference; fileEncoding = 4; lastKnownFileType = sourcecode.c.objc; path = BDAESCryptor.m; sourceTree = "<group>"; };
		316049613C3C6B847F634508 /* NSData+Base64.m */ = {isa = PBXFileReference; fileEncoding = 4; lastKnownFileType = sourcecode.c.objc; path = "NSData+Base64.m"; sourceTree = "<group>"; };
		3160496BB4A0FC81D171CC1F /* NSDataAdditions.m */ = {isa = PBXFileReference; fileEncoding = 4; lastKnownFileType = sourcecode.c.objc; path = NSDataAdditions.m; sourceTree = "<group>"; };
		31604A7BB3C9A92AC2BA9A6A /* BDError.m */ = {isa = PBXFileReference; fileEncoding = 4; lastKnownFileType = sourcecode.c.objc; path = BDError.m; sourceTree = "<group>"; };
		31604A85D9051447F49AC73A /* BDRSACryptorKeyPair.h */ = {isa = PBXFileReference; fileEncoding = 4; lastKnownFileType = sourcecode.c.h; path = BDRSACryptorKeyPair.h; sourceTree = "<group>"; };
		31604B1BE1655615B1992255 /* NSString+Base64.h */ = {isa = PBXFileReference; fileEncoding = 4; lastKnownFileType = sourcecode.c.h; path = "NSString+Base64.h"; sourceTree = "<group>"; };
		31604B7208093CAA686B4D84 /* NSString+BDJSONSerialization.m */ = {isa = PBXFileReference; fileEncoding = 4; lastKnownFileType = sourcecode.c.objc; path = "NSString+BDJSONSerialization.m"; sourceTree = "<group>"; };
		31604B942B0EC5FD7F5E5A9C /* BDCryptor.m */ = {isa = PBXFileReference; fileEncoding = 4; lastKnownFileType = sourcecode.c.objc; path = BDCryptor.m; sourceTree = "<group>"; };
		31604BB1343218D7C029529C /* NSString+BDJSONSerialization.h */ = {isa = PBXFileReference; fileEncoding = 4; lastKnownFileType = sourcecode.c.h; path = "NSString+BDJSONSerialization.h"; sourceTree = "<group>"; };
		31604C38D0F3A61CB341922E /* NSString+Base64.m */ = {isa = PBXFileReference; fileEncoding = 4; lastKnownFileType = sourcecode.c.objc; path = "NSString+Base64.m"; sourceTree = "<group>"; };
		31604CB1E7CEE51EDF851077 /* BDLog.h */ = {isa = PBXFileReference; fileEncoding = 4; lastKnownFileType = sourcecode.c.h; path = BDLog.h; sourceTree = "<group>"; };
		31604CBB699D7272EA165E85 /* NSData+Base64.h */ = {isa = PBXFileReference; fileEncoding = 4; lastKnownFileType = sourcecode.c.h; path = "NSData+Base64.h"; sourceTree = "<group>"; };
		31604CE456B15C6D9820C69E /* NSData+BDJSONSerialization.m */ = {isa = PBXFileReference; fileEncoding = 4; lastKnownFileType = sourcecode.c.objc; path = "NSData+BDJSONSerialization.m"; sourceTree = "<group>"; };
		31604DF77F179262C261B19B /* NSDictionary+BDParseJSON.h */ = {isa = PBXFileReference; fileEncoding = 4; lastKnownFileType = sourcecode.c.h; path = "NSDictionary+BDParseJSON.h"; sourceTree = "<group>"; };
		31604E48548643BCAF22E31D /* NSDictionary+BDParseJSON.m */ = {isa = PBXFileReference; fileEncoding = 4; lastKnownFileType = sourcecode.c.objc; path = "NSDictionary+BDParseJSON.m"; sourceTree = "<group>"; };
		31604EBDBA0A68DCC17FCA39 /* BDCryptor.h */ = {isa = PBXFileReference; fileEncoding = 4; lastKnownFileType = sourcecode.c.h; path = BDCryptor.h; sourceTree = "<group>"; };
		31604FC6D596E96AE8D36194 /* BDError.h */ = {isa = PBXFileReference; fileEncoding = 4; lastKnownFileType = sourcecode.c.h; path = BDError.h; sourceTree = "<group>"; };
		881EC8CF181223D50076DB42 /* BottomBarView.h */ = {isa = PBXFileReference; fileEncoding = 4; lastKnownFileType = sourcecode.c.h; path = BottomBarView.h; sourceTree = "<group>"; };
		881EC8D0181223D50076DB42 /* BottomBarView.m */ = {isa = PBXFileReference; fileEncoding = 4; lastKnownFileType = sourcecode.c.objc; path = BottomBarView.m; sourceTree = "<group>"; };
		881EC8D218122BE70076DB42 /* takepicture.png */ = {isa = PBXFileReference; lastKnownFileType = image.png; path = takepicture.png; sourceTree = "<group>"; };
		881EC8D7181230000076DB42 /* giveaway.png */ = {isa = PBXFileReference; lastKnownFileType = image.png; path = giveaway.png; sourceTree = "<group>"; };
		881EC8D8181230000076DB42 /* trash.png */ = {isa = PBXFileReference; lastKnownFileType = image.png; path = trash.png; sourceTree = "<group>"; };
		881EC8DE181240820076DB42 /* TopBarView.h */ = {isa = PBXFileReference; fileEncoding = 4; lastKnownFileType = sourcecode.c.h; path = TopBarView.h; sourceTree = "<group>"; };
		881EC8DF181240820076DB42 /* TopBarView.m */ = {isa = PBXFileReference; fileEncoding = 4; lastKnownFileType = sourcecode.c.objc; path = TopBarView.m; sourceTree = "<group>"; };
		881EC8E11812414B0076DB42 /* decks.png */ = {isa = PBXFileReference; lastKnownFileType = image.png; path = decks.png; sourceTree = "<group>"; };
		881EC8E21812414B0076DB42 /* draw.png */ = {isa = PBXFileReference; lastKnownFileType = image.png; path = draw.png; sourceTree = "<group>"; };
		881EC8E31812414B0076DB42 /* data.png */ = {isa = PBXFileReference; lastKnownFileType = image.png; path = data.png; sourceTree = "<group>"; };
		88590F31180B824D0036DFFD /* UniqueCo.app */ = {isa = PBXFileReference; explicitFileType = wrapper.application; includeInIndex = 0; path = UniqueCo.app; sourceTree = BUILT_PRODUCTS_DIR; };
		88590F34180B824D0036DFFD /* Foundation.framework */ = {isa = PBXFileReference; lastKnownFileType = wrapper.framework; name = Foundation.framework; path = System/Library/Frameworks/Foundation.framework; sourceTree = SDKROOT; };
		88590F36180B824D0036DFFD /* CoreGraphics.framework */ = {isa = PBXFileReference; lastKnownFileType = wrapper.framework; name = CoreGraphics.framework; path = System/Library/Frameworks/CoreGraphics.framework; sourceTree = SDKROOT; };
		88590F38180B824D0036DFFD /* UIKit.framework */ = {isa = PBXFileReference; lastKnownFileType = wrapper.framework; name = UIKit.framework; path = System/Library/Frameworks/UIKit.framework; sourceTree = SDKROOT; };
		88590F3C180B824D0036DFFD /* UniqueCo-Info.plist */ = {isa = PBXFileReference; lastKnownFileType = text.plist.xml; path = "UniqueCo-Info.plist"; sourceTree = "<group>"; };
		88590F3E180B824D0036DFFD /* en */ = {isa = PBXFileReference; lastKnownFileType = text.plist.strings; name = en; path = en.lproj/InfoPlist.strings; sourceTree = "<group>"; };
		88590F40180B824D0036DFFD /* main.m */ = {isa = PBXFileReference; lastKnownFileType = sourcecode.c.objc; path = main.m; sourceTree = "<group>"; };
		88590F42180B824D0036DFFD /* UniqueCo-Prefix.pch */ = {isa = PBXFileReference; lastKnownFileType = sourcecode.c.h; path = "UniqueCo-Prefix.pch"; sourceTree = "<group>"; };
		88590F43180B824D0036DFFD /* AppDelegate.h */ = {isa = PBXFileReference; lastKnownFileType = sourcecode.c.h; path = AppDelegate.h; sourceTree = "<group>"; };
		88590F44180B824D0036DFFD /* AppDelegate.m */ = {isa = PBXFileReference; lastKnownFileType = sourcecode.c.objc; path = AppDelegate.m; sourceTree = "<group>"; };
		88590F4C180B824D0036DFFD /* Images.xcassets */ = {isa = PBXFileReference; lastKnownFileType = folder.assetcatalog; path = Images.xcassets; sourceTree = "<group>"; };
		88590F52180B824D0036DFFD /* UniqueCoTests.xctest */ = {isa = PBXFileReference; explicitFileType = wrapper.cfbundle; includeInIndex = 0; path = UniqueCoTests.xctest; sourceTree = BUILT_PRODUCTS_DIR; };
		88590F53180B824D0036DFFD /* XCTest.framework */ = {isa = PBXFileReference; lastKnownFileType = wrapper.framework; name = XCTest.framework; path = Library/Frameworks/XCTest.framework; sourceTree = DEVELOPER_DIR; };
		88590F5B180B824D0036DFFD /* UniqueCoTests-Info.plist */ = {isa = PBXFileReference; lastKnownFileType = text.plist.xml; path = "UniqueCoTests-Info.plist"; sourceTree = "<group>"; };
		88590F5D180B824D0036DFFD /* en */ = {isa = PBXFileReference; lastKnownFileType = text.plist.strings; name = en; path = en.lproj/InfoPlist.strings; sourceTree = "<group>"; };
		88590F5F180B824D0036DFFD /* UniqueCoTests.m */ = {isa = PBXFileReference; lastKnownFileType = sourcecode.c.objc; path = UniqueCoTests.m; sourceTree = "<group>"; };
		88590FAF180B93830036DFFD /* MultiDeckViewController.h */ = {isa = PBXFileReference; fileEncoding = 4; lastKnownFileType = sourcecode.c.h; path = MultiDeckViewController.h; sourceTree = "<group>"; };
		88590FB0180B93830036DFFD /* MultiDeckViewController.m */ = {isa = PBXFileReference; fileEncoding = 4; lastKnownFileType = sourcecode.c.objc; path = MultiDeckViewController.m; sourceTree = "<group>"; };
		88590FB1180B93830036DFFD /* MultiDeckViewController.xib */ = {isa = PBXFileReference; fileEncoding = 4; lastKnownFileType = file.xib; path = MultiDeckViewController.xib; sourceTree = "<group>"; };
		88590FB4180BB9D40036DFFD /* Deck.h */ = {isa = PBXFileReference; fileEncoding = 4; lastKnownFileType = sourcecode.c.h; path = Deck.h; sourceTree = "<group>"; };
		88590FB5180BB9D40036DFFD /* Deck.m */ = {isa = PBXFileReference; fileEncoding = 4; lastKnownFileType = sourcecode.c.objc; path = Deck.m; sourceTree = "<group>"; };
		88590FB8180BE1930036DFFD /* card3.jpg */ = {isa = PBXFileReference; lastKnownFileType = image.jpeg; path = card3.jpg; sourceTree = "<group>"; };
		88590FB9180BE1930036DFFD /* card2.jpg */ = {isa = PBXFileReference; lastKnownFileType = image.jpeg; path = card2.jpg; sourceTree = "<group>"; };
		88590FBA180BE1930036DFFD /* card1.jpg */ = {isa = PBXFileReference; lastKnownFileType = image.jpeg; path = card1.jpg; sourceTree = "<group>"; };
		88590FBE180BE3C20036DFFD /* card4.jpg */ = {isa = PBXFileReference; lastKnownFileType = image.jpeg; path = card4.jpg; sourceTree = "<group>"; };
		886553BC1815C2450000E822 /* UIImage+Resize.m */ = {isa = PBXFileReference; fileEncoding = 4; lastKnownFileType = sourcecode.c.objc; path = "UIImage+Resize.m"; sourceTree = "<group>"; };
		886553BD1815C2450000E822 /* UIImage+Alpha.m */ = {isa = PBXFileReference; fileEncoding = 4; lastKnownFileType = sourcecode.c.objc; path = "UIImage+Alpha.m"; sourceTree = "<group>"; };
		886553BE1815C2450000E822 /* UIImage+RoundedCorner.m */ = {isa = PBXFileReference; fileEncoding = 4; lastKnownFileType = sourcecode.c.objc; path = "UIImage+RoundedCorner.m"; sourceTree = "<group>"; };
		886553BF1815C2450000E822 /* UIImage+RoundedCorner.h */ = {isa = PBXFileReference; fileEncoding = 4; lastKnownFileType = sourcecode.c.h; path = "UIImage+RoundedCorner.h"; sourceTree = "<group>"; };
		886553C01815C2450000E822 /* UIImage+Resize.h */ = {isa = PBXFileReference; fileEncoding = 4; lastKnownFileType = sourcecode.c.h; path = "UIImage+Resize.h"; sourceTree = "<group>"; };
		886553C11815C2450000E822 /* UIImage+Alpha.h */ = {isa = PBXFileReference; fileEncoding = 4; lastKnownFileType = sourcecode.c.h; path = "UIImage+Alpha.h"; sourceTree = "<group>"; };
		8865F4A7180DF2C400FC7DA0 /* norwester.ttf */ = {isa = PBXFileReference; lastKnownFileType = file; path = norwester.ttf; sourceTree = "<group>"; };
		887D472C180F348F008A12FE /* Social.framework */ = {isa = PBXFileReference; lastKnownFileType = wrapper.framework; name = Social.framework; path = System/Library/Frameworks/Social.framework; sourceTree = SDKROOT; };
		887D472E180F4EEF008A12FE /* DeckBrowserViewController.h */ = {isa = PBXFileReference; fileEncoding = 4; lastKnownFileType = sourcecode.c.h; name = DeckBrowserViewController.h; path = ../DeckBrowserViewController.h; sourceTree = "<group>"; };
		887D472F180F4EEF008A12FE /* DeckBrowserViewController.m */ = {isa = PBXFileReference; fileEncoding = 4; lastKnownFileType = sourcecode.c.objc; name = DeckBrowserViewController.m; path = ../DeckBrowserViewController.m; sourceTree = "<group>"; };
		887D4730180F4EEF008A12FE /* DeckBrowserViewController.xib */ = {isa = PBXFileReference; fileEncoding = 4; lastKnownFileType = file.xib; name = DeckBrowserViewController.xib; path = ../DeckBrowserViewController.xib; sourceTree = "<group>"; };
		887D4733180F6015008A12FE /* CardDeck.h */ = {isa = PBXFileReference; fileEncoding = 4; lastKnownFileType = sourcecode.c.h; path = CardDeck.h; sourceTree = "<group>"; };
		887D4734180F6015008A12FE /* CardDeck.m */ = {isa = PBXFileReference; fileEncoding = 4; lastKnownFileType = sourcecode.c.objc; path = CardDeck.m; sourceTree = "<group>"; };
		887D4736180F6016008A12FE /* Card.h */ = {isa = PBXFileReference; fileEncoding = 4; lastKnownFileType = sourcecode.c.h; path = Card.h; sourceTree = "<group>"; };
		887D4737180F6016008A12FE /* Card.m */ = {isa = PBXFileReference; fileEncoding = 4; lastKnownFileType = sourcecode.c.objc; path = Card.m; sourceTree = "<group>"; };
		887D4739180FA3EA008A12FE /* FrontCardView.h */ = {isa = PBXFileReference; fileEncoding = 4; lastKnownFileType = sourcecode.c.h; path = FrontCardView.h; sourceTree = "<group>"; };
		887D473A180FA3EA008A12FE /* FrontCardView.m */ = {isa = PBXFileReference; fileEncoding = 4; lastKnownFileType = sourcecode.c.objc; path = FrontCardView.m; sourceTree = "<group>"; };
		887D473C180FC28E008A12FE /* BackCardViewController.h */ = {isa = PBXFileReference; fileEncoding = 4; lastKnownFileType = sourcecode.c.h; path = BackCardViewController.h; sourceTree = "<group>"; };
		887D473D180FC28E008A12FE /* BackCardViewController.m */ = {isa = PBXFileReference; fileEncoding = 4; lastKnownFileType = sourcecode.c.objc; path = BackCardViewController.m; sourceTree = "<group>"; };
		887D473E180FC28E008A12FE /* BackCardViewController.xib */ = {isa = PBXFileReference; fileEncoding = 4; lastKnownFileType = file.xib; path = BackCardViewController.xib; sourceTree = "<group>"; };
		887D4741180FC446008A12FE /* back.png */ = {isa = PBXFileReference; lastKnownFileType = image.png; path = back.png; sourceTree = "<group>"; };
		889F2209180CADE100ED62A3 /* Deck.xcdatamodel */ = {isa = PBXFileReference; lastKnownFileType = wrapper.xcdatamodel; path = Deck.xcdatamodel; sourceTree = "<group>"; };
		889F220B180CBC0900ED62A3 /* CoreData.framework */ = {isa = PBXFileReference; lastKnownFileType = wrapper.framework; name = CoreData.framework; path = System/Library/Frameworks/CoreData.framework; sourceTree = SDKROOT; };
		DC493A9A4E834A9EA6549B24 /* Pods.xcconfig */ = {isa = PBXFileReference; includeInIndex = 1; lastKnownFileType = text.xcconfig; name = Pods.xcconfig; path = Pods/Pods.xcconfig; sourceTree = "<group>"; };
		E0143C9B8A6A44ADB3A11E9A /* libPods.a */ = {isa = PBXFileReference; explicitFileType = archive.ar; includeInIndex = 0; path = libPods.a; sourceTree = BUILT_PRODUCTS_DIR; };
/* End PBXFileReference section */

/* Begin PBXFrameworksBuildPhase section */
		88590F2E180B824D0036DFFD /* Frameworks */ = {
			isa = PBXFrameworksBuildPhase;
			buildActionMask = 2147483647;
			files = (
				887D472D180F348F008A12FE /* Social.framework in Frameworks */,
				889F220C180CBC0900ED62A3 /* CoreData.framework in Frameworks */,
				88590F37180B824D0036DFFD /* CoreGraphics.framework in Frameworks */,
				88590F39180B824D0036DFFD /* UIKit.framework in Frameworks */,
				88590F35180B824D0036DFFD /* Foundation.framework in Frameworks */,
				999202CAF68F4287ACDEEEC9 /* libPods.a in Frameworks */,
			);
			runOnlyForDeploymentPostprocessing = 0;
		};
		88590F4F180B824D0036DFFD /* Frameworks */ = {
			isa = PBXFrameworksBuildPhase;
			buildActionMask = 2147483647;
			files = (
				88590F54180B824D0036DFFD /* XCTest.framework in Frameworks */,
				88590F56180B824D0036DFFD /* UIKit.framework in Frameworks */,
				88590F55180B824D0036DFFD /* Foundation.framework in Frameworks */,
			);
			runOnlyForDeploymentPostprocessing = 0;
		};
/* End PBXFrameworksBuildPhase section */

/* Begin PBXGroup section */
		31604081284303A485E58469 /* HTTPURLJSONArrayResponse */ = {
			isa = PBXGroup;
			children = (
			);
			path = HTTPURLJSONArrayResponse;
			sourceTree = "<group>";
		};
		31604130D256B0FBA591AE52 /* Utilities */ = {
			isa = PBXGroup;
			children = (
				31604EB65114804EB92ED42B /* General */,
			);
			path = Utilities;
			sourceTree = "<group>";
		};
		316041ACB10505B52C519EF5 /* JSON */ = {
			isa = PBXGroup;
			children = (
				316041A0B5F759C947682324 /* BDJSON.h */,
				316047357CBDC59DC8DCE1FD /* BDJSONError.h */,
				316043E8F8F6C94BB2CC2F2C /* BDJSONError.m */,
				31604DF77F179262C261B19B /* NSDictionary+BDParseJSON.h */,
				31604E48548643BCAF22E31D /* NSDictionary+BDParseJSON.m */,
				316045D0D5B13AE3359F594E /* NSData+BDJSONSerialization.h */,
				31604CE456B15C6D9820C69E /* NSData+BDJSONSerialization.m */,
				316046930A0FBAD428CB513D /* NSArray+BDJSONSerialization.h */,
				3160425E84676AA5C4421B80 /* NSArray+BDJSONSerialization.m */,
				316043C0FC57A41FB18B5450 /* NSObject+BDJSONSerialization.h */,
				31604849F798DFF9A46EC0CD /* NSObject+BDJSONSerialization.m */,
				31604BB1343218D7C029529C /* NSString+BDJSONSerialization.h */,
				31604B7208093CAA686B4D84 /* NSString+BDJSONSerialization.m */,
				3160434184C7E599D2095D82 /* NSDictionary+BDJSONSerialization.h */,
				31604300CBC87CC380E57C2C /* NSDictionary+BDJSONSerialization.m */,
			);
			path = JSON;
			sourceTree = "<group>";
		};
		31604231CBDDD4193542B169 /* Base64 */ = {
			isa = PBXGroup;
			children = (
				31604CBB699D7272EA165E85 /* NSData+Base64.h */,
				316049613C3C6B847F634508 /* NSData+Base64.m */,
				31604B1BE1655615B1992255 /* NSString+Base64.h */,
				31604C38D0F3A61CB341922E /* NSString+Base64.m */,
			);
			path = Base64;
			sourceTree = "<group>";
		};
		3160427712A0DEC1348EF032 /* String */ = {
			isa = PBXGroup;
			children = (
				316044D4B34B601982B9CFAD /* NSString+BDUtilities.h */,
				316047566C973F02E05005AD /* NSString+BDUtilities.m */,
			);
			path = String;
			sourceTree = "<group>";
		};
		31604308375C45B4FA040DED /* Categories */ = {
			isa = PBXGroup;
			children = (
				316041ACB10505B52C519EF5 /* JSON */,
				3160427712A0DEC1348EF032 /* String */,
			);
			path = Categories;
			sourceTree = "<group>";
		};
		316043B4E90944BFC9C98137 /* Crypto */ = {
			isa = PBXGroup;
			children = (
				31604EBDBA0A68DCC17FCA39 /* BDCryptor.h */,
				31604B942B0EC5FD7F5E5A9C /* BDCryptor.m */,
				3160400BC3CB7DA3BA2BB298 /* BDAESCryptor.h */,
				316048D3CEEC3F9CBA66870B /* BDAESCryptor.m */,
				3160469A91A01B3AEC5F407A /* BDRSACryptor.h */,
				316044542E8A064749BE4894 /* BDRSACryptor.m */,
				316047AD216DCAA9DD96896B /* BDCryptorError.h */,
				3160422D05497C06C263B358 /* BDCryptorError.m */,
				316046A6DE3E13BB942899C9 /* BDSHA512Cryptor.h */,
				316043B5D7C809E198D9E898 /* BDSHA512Cryptor.m */,
				316042A9BDDFFEAC2F62C8AD /* BDAESCBC256Cryptor.h */,
				3160429162C3A0B125C6AF02 /* BDAESCBC256Cryptor.m */,
				31604A85D9051447F49AC73A /* BDRSACryptorKeyPair.h */,
				316046B909A37A882E48D7C6 /* BDRSACryptorKeyPair.m */,
			);
			path = Crypto;
			sourceTree = "<group>";
		};
		3160447A5224C9BA03236E30 /* Crypto */ = {
			isa = PBXGroup;
			children = (
				316043B4E90944BFC9C98137 /* Crypto */,
				31604AE9B0B45834B13DFFB3 /* External */,
				31604130D256B0FBA591AE52 /* Utilities */,
			);
			path = Crypto;
			sourceTree = "<group>";
		};
		316044D6D066FF494680BCB9 /* HTTPURLResponse */ = {
			isa = PBXGroup;
			children = (
				31604081284303A485E58469 /* HTTPURLJSONArrayResponse */,
			);
			path = HTTPURLResponse;
			sourceTree = "<group>";
		};
		316045AF9FDED71514E2F18B /* HTTP */ = {
			isa = PBXGroup;
			children = (
				316044D6D066FF494680BCB9 /* HTTPURLResponse */,
			);
			path = HTTP;
			sourceTree = "<group>";
		};
		3160499E0D4C6FC2F20A5B5E /* Error */ = {
			isa = PBXGroup;
			children = (
				31604FC6D596E96AE8D36194 /* BDError.h */,
				31604A7BB3C9A92AC2BA9A6A /* BDError.m */,
			);
			path = Error;
			sourceTree = "<group>";
		};
		31604AE9B0B45834B13DFFB3 /* External */ = {
			isa = PBXGroup;
			children = (
				31604231CBDDD4193542B169 /* Base64 */,
			);
			path = External;
			sourceTree = "<group>";
		};
		31604E594C8331249E25F1FF /* Log */ = {
			isa = PBXGroup;
			children = (
				31604CB1E7CEE51EDF851077 /* BDLog.h */,
			);
			path = Log;
			sourceTree = "<group>";
		};
		31604EB65114804EB92ED42B /* General */ = {
			isa = PBXGroup;
			children = (
				316045AF9FDED71514E2F18B /* HTTP */,
				3160499E0D4C6FC2F20A5B5E /* Error */,
				31604EBD9D9E844D189214A7 /* Macros */,
				31604308375C45B4FA040DED /* Categories */,
			);
			path = General;
			sourceTree = "<group>";
		};
		31604EBD9D9E844D189214A7 /* Macros */ = {
			isa = PBXGroup;
			children = (
				31604E594C8331249E25F1FF /* Log */,
			);
			path = Macros;
			sourceTree = "<group>";
		};
		88590F28180B824D0036DFFD = {
			isa = PBXGroup;
			children = (
				88590F3A180B824D0036DFFD /* UniqueCo */,
				88590F59180B824D0036DFFD /* UniqueCoTests */,
				88590F33180B824D0036DFFD /* Frameworks */,
				88590F32180B824D0036DFFD /* Products */,
				DC493A9A4E834A9EA6549B24 /* Pods.xcconfig */,
			);
			sourceTree = "<group>";
		};
		88590F32180B824D0036DFFD /* Products */ = {
			isa = PBXGroup;
			children = (
				88590F31180B824D0036DFFD /* UniqueCo.app */,
				88590F52180B824D0036DFFD /* UniqueCoTests.xctest */,
			);
			name = Products;
			sourceTree = "<group>";
		};
		88590F33180B824D0036DFFD /* Frameworks */ = {
			isa = PBXGroup;
			children = (
				887D472C180F348F008A12FE /* Social.framework */,
				889F220B180CBC0900ED62A3 /* CoreData.framework */,
				88590F34180B824D0036DFFD /* Foundation.framework */,
				88590F36180B824D0036DFFD /* CoreGraphics.framework */,
				88590F38180B824D0036DFFD /* UIKit.framework */,
				88590F53180B824D0036DFFD /* XCTest.framework */,
				E0143C9B8A6A44ADB3A11E9A /* libPods.a */,
			);
			name = Frameworks;
			sourceTree = "<group>";
		};
		88590F3A180B824D0036DFFD /* UniqueCo */ = {
			isa = PBXGroup;
			children = (
				886553BC1815C2450000E822 /* UIImage+Resize.m */,
				886553BD1815C2450000E822 /* UIImage+Alpha.m */,
				886553BE1815C2450000E822 /* UIImage+RoundedCorner.m */,
				886553BF1815C2450000E822 /* UIImage+RoundedCorner.h */,
				886553C01815C2450000E822 /* UIImage+Resize.h */,
				886553C11815C2450000E822 /* UIImage+Alpha.h */,
				887D472E180F4EEF008A12FE /* DeckBrowserViewController.h */,
				887D472F180F4EEF008A12FE /* DeckBrowserViewController.m */,
				887D4730180F4EEF008A12FE /* DeckBrowserViewController.xib */,
				88590FB7180BE16C0036DFFD /* images */,
				88590F43180B824D0036DFFD /* AppDelegate.h */,
				88590F44180B824D0036DFFD /* AppDelegate.m */,
				88590F4C180B824D0036DFFD /* Images.xcassets */,
				88590F3B180B824D0036DFFD /* Supporting Files */,
				88590FAF180B93830036DFFD /* MultiDeckViewController.h */,
				88590FB0180B93830036DFFD /* MultiDeckViewController.m */,
				88590FB1180B93830036DFFD /* MultiDeckViewController.xib */,
				88590FB4180BB9D40036DFFD /* Deck.h */,
				88590FB5180BB9D40036DFFD /* Deck.m */,
				889F2208180CADE100ED62A3 /* Deck.xcdatamodeld */,
				887D4736180F6016008A12FE /* Card.h */,
				887D4737180F6016008A12FE /* Card.m */,
				887D4733180F6015008A12FE /* CardDeck.h */,
				887D4734180F6015008A12FE /* CardDeck.m */,
				887D4739180FA3EA008A12FE /* FrontCardView.h */,
				887D473A180FA3EA008A12FE /* FrontCardView.m */,
				887D473C180FC28E008A12FE /* BackCardViewController.h */,
				887D473D180FC28E008A12FE /* BackCardViewController.m */,
				887D473E180FC28E008A12FE /* BackCardViewController.xib */,
				881EC8CF181223D50076DB42 /* BottomBarView.h */,
				881EC8D0181223D50076DB42 /* BottomBarView.m */,
				881EC8DE181240820076DB42 /* TopBarView.h */,
				881EC8DF181240820076DB42 /* TopBarView.m */,
				316041A8B8403B3B9262D60B /* NSStringAdditions.m */,
				31604122BDDA95AE7D9709CD /* NSStringAdditions.h */,
				3160496BB4A0FC81D171CC1F /* NSDataAdditions.m */,
				316040B7EFBC2C87AE29D999 /* NSDataAdditions.h */,
				3160447A5224C9BA03236E30 /* Crypto */,
			);
			path = UniqueCo;
			sourceTree = "<group>";
		};
		88590F3B180B824D0036DFFD /* Supporting Files */ = {
			isa = PBXGroup;
			children = (
				8865F4A7180DF2C400FC7DA0 /* norwester.ttf */,
				88590F3C180B824D0036DFFD /* UniqueCo-Info.plist */,
				88590F3D180B824D0036DFFD /* InfoPlist.strings */,
				88590F40180B824D0036DFFD /* main.m */,
				88590F42180B824D0036DFFD /* UniqueCo-Prefix.pch */,
			);
			name = "Supporting Files";
			sourceTree = "<group>";
		};
		88590F59180B824D0036DFFD /* UniqueCoTests */ = {
			isa = PBXGroup;
			children = (
				88590F5F180B824D0036DFFD /* UniqueCoTests.m */,
				88590F5A180B824D0036DFFD /* Supporting Files */,
			);
			path = UniqueCoTests;
			sourceTree = "<group>";
		};
		88590F5A180B824D0036DFFD /* Supporting Files */ = {
			isa = PBXGroup;
			children = (
				88590F5B180B824D0036DFFD /* UniqueCoTests-Info.plist */,
				88590F5C180B824D0036DFFD /* InfoPlist.strings */,
			);
			name = "Supporting Files";
			sourceTree = "<group>";
		};
		88590FB7180BE16C0036DFFD /* images */ = {
			isa = PBXGroup;
			children = (
				881EC8E11812414B0076DB42 /* decks.png */,
				881EC8E21812414B0076DB42 /* draw.png */,
				881EC8E31812414B0076DB42 /* data.png */,
				881EC8D7181230000076DB42 /* giveaway.png */,
				881EC8D8181230000076DB42 /* trash.png */,
				881EC8D218122BE70076DB42 /* takepicture.png */,
				887D4741180FC446008A12FE /* back.png */,
				88590FBE180BE3C20036DFFD /* card4.jpg */,
				88590FB8180BE1930036DFFD /* card3.jpg */,
				88590FB9180BE1930036DFFD /* card2.jpg */,
				88590FBA180BE1930036DFFD /* card1.jpg */,
			);
			name = images;
			sourceTree = "<group>";
		};
/* End PBXGroup section */

/* Begin PBXNativeTarget section */
		88590F30180B824D0036DFFD /* UniqueCo */ = {
			isa = PBXNativeTarget;
			buildConfigurationList = 88590F63180B824D0036DFFD /* Build configuration list for PBXNativeTarget "UniqueCo" */;
			buildPhases = (
				E2F5F9231DDB480189CBF5BB /* Check Pods Manifest.lock */,
				88590F2D180B824D0036DFFD /* Sources */,
				88590F2E180B824D0036DFFD /* Frameworks */,
				88590F2F180B824D0036DFFD /* Resources */,
				77D5AD19363642F19C4C8B18 /* Copy Pods Resources */,
			);
			buildRules = (
			);
			dependencies = (
			);
			name = UniqueCo;
			productName = UniqueCo;
			productReference = 88590F31180B824D0036DFFD /* UniqueCo.app */;
			productType = "com.apple.product-type.application";
		};
		88590F51180B824D0036DFFD /* UniqueCoTests */ = {
			isa = PBXNativeTarget;
			buildConfigurationList = 88590F66180B824D0036DFFD /* Build configuration list for PBXNativeTarget "UniqueCoTests" */;
			buildPhases = (
				88590F4E180B824D0036DFFD /* Sources */,
				88590F4F180B824D0036DFFD /* Frameworks */,
				88590F50180B824D0036DFFD /* Resources */,
			);
			buildRules = (
			);
			dependencies = (
				88590F58180B824D0036DFFD /* PBXTargetDependency */,
			);
			name = UniqueCoTests;
			productName = UniqueCoTests;
			productReference = 88590F52180B824D0036DFFD /* UniqueCoTests.xctest */;
			productType = "com.apple.product-type.bundle.unit-test";
		};
/* End PBXNativeTarget section */

/* Begin PBXProject section */
		88590F29180B824D0036DFFD /* Project object */ = {
			isa = PBXProject;
			attributes = {
				LastUpgradeCheck = 0500;
				ORGANIZATIONNAME = "Ernesto Freyre";
				TargetAttributes = {
					88590F30180B824D0036DFFD = {
						DevelopmentTeam = 3Z92XM5KQC;
					};
					88590F51180B824D0036DFFD = {
						TestTargetID = 88590F30180B824D0036DFFD;
					};
				};
			};
			buildConfigurationList = 88590F2C180B824D0036DFFD /* Build configuration list for PBXProject "UniqueCo" */;
			compatibilityVersion = "Xcode 3.2";
			developmentRegion = English;
			hasScannedForEncodings = 0;
			knownRegions = (
				en,
				Base,
			);
			mainGroup = 88590F28180B824D0036DFFD;
			productRefGroup = 88590F32180B824D0036DFFD /* Products */;
			projectDirPath = "";
			projectRoot = "";
			targets = (
				88590F30180B824D0036DFFD /* UniqueCo */,
				88590F51180B824D0036DFFD /* UniqueCoTests */,
			);
		};
/* End PBXProject section */

/* Begin PBXResourcesBuildPhase section */
		88590F2F180B824D0036DFFD /* Resources */ = {
			isa = PBXResourcesBuildPhase;
			buildActionMask = 2147483647;
			files = (
				881EC8DB181230000076DB42 /* giveaway.png in Resources */,
				881EC8E61812414B0076DB42 /* data.png in Resources */,
				887D4732180F4EEF008A12FE /* DeckBrowserViewController.xib in Resources */,
				88590FB3180B93830036DFFD /* MultiDeckViewController.xib in Resources */,
				881EC8D418122BE70076DB42 /* takepicture.png in Resources */,
				88590FBD180BE1930036DFFD /* card1.jpg in Resources */,
				8865F4A8180DF2C400FC7DA0 /* norwester.ttf in Resources */,
				887D4740180FC28E008A12FE /* BackCardViewController.xib in Resources */,
				88590FBC180BE1930036DFFD /* card2.jpg in Resources */,
				88590FBB180BE1930036DFFD /* card3.jpg in Resources */,
				887D4742180FC446008A12FE /* back.png in Resources */,
				881EC8E51812414B0076DB42 /* draw.png in Resources */,
				88590FBF180BE3C20036DFFD /* card4.jpg in Resources */,
				88590F4D180B824D0036DFFD /* Images.xcassets in Resources */,
				881EC8DC181230000076DB42 /* trash.png in Resources */,
				881EC8E41812414B0076DB42 /* decks.png in Resources */,
				88590F3F180B824D0036DFFD /* InfoPlist.strings in Resources */,
			);
			runOnlyForDeploymentPostprocessing = 0;
		};
		88590F50180B824D0036DFFD /* Resources */ = {
			isa = PBXResourcesBuildPhase;
			buildActionMask = 2147483647;
			files = (
				88590F5E180B824D0036DFFD /* InfoPlist.strings in Resources */,
			);
			runOnlyForDeploymentPostprocessing = 0;
		};
/* End PBXResourcesBuildPhase section */

/* Begin PBXShellScriptBuildPhase section */
		77D5AD19363642F19C4C8B18 /* Copy Pods Resources */ = {
			isa = PBXShellScriptBuildPhase;
			buildActionMask = 2147483647;
			files = (
			);
			inputPaths = (
			);
			name = "Copy Pods Resources";
			outputPaths = (
			);
			runOnlyForDeploymentPostprocessing = 0;
			shellPath = /bin/sh;
			shellScript = "\"${SRCROOT}/Pods/Pods-resources.sh\"\n";
			showEnvVarsInLog = 0;
		};
		E2F5F9231DDB480189CBF5BB /* Check Pods Manifest.lock */ = {
			isa = PBXShellScriptBuildPhase;
			buildActionMask = 2147483647;
			files = (
			);
			inputPaths = (
			);
			name = "Check Pods Manifest.lock";
			outputPaths = (
			);
			runOnlyForDeploymentPostprocessing = 0;
			shellPath = /bin/sh;
			shellScript = "diff \"${PODS_ROOT}/../Podfile.lock\" \"${PODS_ROOT}/Manifest.lock\" > /dev/null\nif [[ $? != 0 ]] ; then\n    cat << EOM\nerror: The sandbox is not in sync with the Podfile.lock. Run 'pod install' or update your CocoaPods installation.\nEOM\n    exit 1\nfi\n";
			showEnvVarsInLog = 0;
		};
/* End PBXShellScriptBuildPhase section */

/* Begin PBXSourcesBuildPhase section */
		88590F2D180B824D0036DFFD /* Sources */ = {
			isa = PBXSourcesBuildPhase;
			buildActionMask = 2147483647;
			files = (
				887D4731180F4EEF008A12FE /* DeckBrowserViewController.m in Sources */,
				886553C41815C2450000E822 /* UIImage+RoundedCorner.m in Sources */,
				88590FB6180BB9D40036DFFD /* Deck.m in Sources */,
				88590F45180B824D0036DFFD /* AppDelegate.m in Sources */,
				887D473F180FC28E008A12FE /* BackCardViewController.m in Sources */,
				886553C31815C2450000E822 /* UIImage+Alpha.m in Sources */,
				887D4738180F6016008A12FE /* Card.m in Sources */,
				88590FB2180B93830036DFFD /* MultiDeckViewController.m in Sources */,
				887D473B180FA3EA008A12FE /* FrontCardView.m in Sources */,
				887D4735180F6015008A12FE /* CardDeck.m in Sources */,
				881EC8D1181223D50076DB42 /* BottomBarView.m in Sources */,
				889F220A180CADE100ED62A3 /* Deck.xcdatamodeld in Sources */,
				886553C21815C2450000E822 /* UIImage+Resize.m in Sources */,
				881EC8E0181240820076DB42 /* TopBarView.m in Sources */,
				88590F41180B824D0036DFFD /* main.m in Sources */,
				31604052E05AFFC5C2B9C205 /* NSStringAdditions.m in Sources */,
				31604F85770C0DE6B9C5C8D7 /* NSDataAdditions.m in Sources */,
				3160439718F0F5656CEADCAF /* BDCryptor.m in Sources */,
				3160437A25A3CD68C2B9CA5A /* BDAESCryptor.m in Sources */,
				3160435EB879BEACDFE898A1 /* BDRSACryptor.m in Sources */,
				31604C08E3506946A5C3A2D2 /* BDCryptorError.m in Sources */,
				316048294AC10D7B19D1B987 /* BDSHA512Cryptor.m in Sources */,
				31604E9FECA51DE82E1A77C1 /* BDAESCBC256Cryptor.m in Sources */,
				316041FDF1C63DBFD833E978 /* BDRSACryptorKeyPair.m in Sources */,
				31604E9FA87CC628211843F3 /* NSData+Base64.m in Sources */,
				3160494396E28E5062B3BFE4 /* NSString+Base64.m in Sources */,
				31604EEDC4FA96B79C4CEEEF /* BDError.m in Sources */,
				31604579CAEBD2323AAB4CF3 /* BDJSONError.m in Sources */,
				3160423F269854A87BB3CBB6 /* NSDictionary+BDParseJSON.m in Sources */,
				31604CD957E32F378BF66EB0 /* NSData+BDJSONSerialization.m in Sources */,
				316047691F665AB349C34D7C /* NSArray+BDJSONSerialization.m in Sources */,
				316044FEB53F2258CDFB721F /* NSObject+BDJSONSerialization.m in Sources */,
				31604954295E0A28806EF108 /* NSString+BDJSONSerialization.m in Sources */,
				31604C5E359167903BB68237 /* NSDictionary+BDJSONSerialization.m in Sources */,
				31604186A94B1D14C3280779 /* NSString+BDUtilities.m in Sources */,
			);
			runOnlyForDeploymentPostprocessing = 0;
		};
		88590F4E180B824D0036DFFD /* Sources */ = {
			isa = PBXSourcesBuildPhase;
			buildActionMask = 2147483647;
			files = (
				88590F60180B824D0036DFFD /* UniqueCoTests.m in Sources */,
			);
			runOnlyForDeploymentPostprocessing = 0;
		};
/* End PBXSourcesBuildPhase section */

/* Begin PBXTargetDependency section */
		88590F58180B824D0036DFFD /* PBXTargetDependency */ = {
			isa = PBXTargetDependency;
			target = 88590F30180B824D0036DFFD /* UniqueCo */;
			targetProxy = 88590F57180B824D0036DFFD /* PBXContainerItemProxy */;
		};
/* End PBXTargetDependency section */

/* Begin PBXVariantGroup section */
		88590F3D180B824D0036DFFD /* InfoPlist.strings */ = {
			isa = PBXVariantGroup;
			children = (
				88590F3E180B824D0036DFFD /* en */,
			);
			name = InfoPlist.strings;
			sourceTree = "<group>";
		};
		88590F5C180B824D0036DFFD /* InfoPlist.strings */ = {
			isa = PBXVariantGroup;
			children = (
				88590F5D180B824D0036DFFD /* en */,
			);
			name = InfoPlist.strings;
			sourceTree = "<group>";
		};
/* End PBXVariantGroup section */

/* Begin XCBuildConfiguration section */
		88590F61180B824D0036DFFD /* Debug */ = {
			isa = XCBuildConfiguration;
			buildSettings = {
				ALWAYS_SEARCH_USER_PATHS = NO;
				ARCHS = "$(ARCHS_STANDARD_INCLUDING_64_BIT)";
				CLANG_CXX_LANGUAGE_STANDARD = "gnu++0x";
				CLANG_CXX_LIBRARY = "libc++";
				CLANG_ENABLE_MODULES = YES;
				CLANG_ENABLE_OBJC_ARC = YES;
				CLANG_WARN_BOOL_CONVERSION = YES;
				CLANG_WARN_CONSTANT_CONVERSION = YES;
				CLANG_WARN_DIRECT_OBJC_ISA_USAGE = YES_ERROR;
				CLANG_WARN_EMPTY_BODY = YES;
				CLANG_WARN_ENUM_CONVERSION = YES;
				CLANG_WARN_INT_CONVERSION = YES;
				CLANG_WARN_OBJC_ROOT_CLASS = YES_ERROR;
				CLANG_WARN__DUPLICATE_METHOD_MATCH = YES;
				"CODE_SIGN_IDENTITY[sdk=iphoneos*]" = "iPhone Developer";
				COPY_PHASE_STRIP = NO;
				GCC_C_LANGUAGE_STANDARD = gnu99;
				GCC_DYNAMIC_NO_PIC = NO;
				GCC_OPTIMIZATION_LEVEL = 0;
				GCC_PREPROCESSOR_DEFINITIONS = (
					"DEBUG=1",
					"$(inherited)",
				);
				GCC_SYMBOLS_PRIVATE_EXTERN = NO;
				GCC_WARN_64_TO_32_BIT_CONVERSION = YES;
				GCC_WARN_ABOUT_RETURN_TYPE = YES_ERROR;
				GCC_WARN_UNDECLARED_SELECTOR = YES;
				GCC_WARN_UNINITIALIZED_AUTOS = YES;
				GCC_WARN_UNUSED_FUNCTION = YES;
				GCC_WARN_UNUSED_VARIABLE = YES;
				IPHONEOS_DEPLOYMENT_TARGET = 7.0;
				ONLY_ACTIVE_ARCH = YES;
				SDKROOT = iphoneos7.0;
			};
			name = Debug;
		};
		88590F62180B824D0036DFFD /* Release */ = {
			isa = XCBuildConfiguration;
			buildSettings = {
				ALWAYS_SEARCH_USER_PATHS = NO;
				ARCHS = "$(ARCHS_STANDARD_INCLUDING_64_BIT)";
				CLANG_CXX_LANGUAGE_STANDARD = "gnu++0x";
				CLANG_CXX_LIBRARY = "libc++";
				CLANG_ENABLE_MODULES = YES;
				CLANG_ENABLE_OBJC_ARC = YES;
				CLANG_WARN_BOOL_CONVERSION = YES;
				CLANG_WARN_CONSTANT_CONVERSION = YES;
				CLANG_WARN_DIRECT_OBJC_ISA_USAGE = YES_ERROR;
				CLANG_WARN_EMPTY_BODY = YES;
				CLANG_WARN_ENUM_CONVERSION = YES;
				CLANG_WARN_INT_CONVERSION = YES;
				CLANG_WARN_OBJC_ROOT_CLASS = YES_ERROR;
				CLANG_WARN__DUPLICATE_METHOD_MATCH = YES;
				"CODE_SIGN_IDENTITY[sdk=iphoneos*]" = "iPhone Developer";
				COPY_PHASE_STRIP = YES;
				ENABLE_NS_ASSERTIONS = NO;
				GCC_C_LANGUAGE_STANDARD = gnu99;
				GCC_WARN_64_TO_32_BIT_CONVERSION = YES;
				GCC_WARN_ABOUT_RETURN_TYPE = YES_ERROR;
				GCC_WARN_UNDECLARED_SELECTOR = YES;
				GCC_WARN_UNINITIALIZED_AUTOS = YES;
				GCC_WARN_UNUSED_FUNCTION = YES;
				GCC_WARN_UNUSED_VARIABLE = YES;
				IPHONEOS_DEPLOYMENT_TARGET = 7.0;
				SDKROOT = iphoneos7.0;
				VALIDATE_PRODUCT = YES;
			};
			name = Release;
		};
		88590F64180B824D0036DFFD /* Debug */ = {
			isa = XCBuildConfiguration;
			baseConfigurationReference = DC493A9A4E834A9EA6549B24 /* Pods.xcconfig */;
			buildSettings = {
				ARCHS = "$(ARCHS_STANDARD)";
				ASSETCATALOG_COMPILER_APPICON_NAME = AppIcon;
				ASSETCATALOG_COMPILER_LAUNCHIMAGE_NAME = LaunchImage;
				CODE_SIGN_IDENTITY = "iPhone Developer";
				GCC_PRECOMPILE_PREFIX_HEADER = YES;
				GCC_PREFIX_HEADER = "UniqueCo/UniqueCo-Prefix.pch";
				INFOPLIST_FILE = "UniqueCo/UniqueCo-Info.plist";
				IPHONEOS_DEPLOYMENT_TARGET = 6.1;
				PRODUCT_NAME = "$(TARGET_NAME)";
				SDKROOT = iphoneos6.1;
				WRAPPER_EXTENSION = app;
			};
			name = Debug;
		};
		88590F65180B824D0036DFFD /* Release */ = {
			isa = XCBuildConfiguration;
			baseConfigurationReference = DC493A9A4E834A9EA6549B24 /* Pods.xcconfig */;
			buildSettings = {
				ARCHS = "$(ARCHS_STANDARD)";
				ASSETCATALOG_COMPILER_APPICON_NAME = AppIcon;
				ASSETCATALOG_COMPILER_LAUNCHIMAGE_NAME = LaunchImage;
				CODE_SIGN_IDENTITY = "iPhone Developer";
				GCC_PRECOMPILE_PREFIX_HEADER = YES;
				GCC_PREFIX_HEADER = "UniqueCo/UniqueCo-Prefix.pch";
				INFOPLIST_FILE = "UniqueCo/UniqueCo-Info.plist";
				IPHONEOS_DEPLOYMENT_TARGET = 6.1;
				ONLY_ACTIVE_ARCH = NO;
				PRODUCT_NAME = "$(TARGET_NAME)";
				SDKROOT = iphoneos6.1;
				WRAPPER_EXTENSION = app;
			};
			name = Release;
		};
		88590F67180B824D0036DFFD /* Debug */ = {
			isa = XCBuildConfiguration;
			buildSettings = {
				ARCHS = "$(ARCHS_STANDARD_INCLUDING_64_BIT)";
				BUNDLE_LOADER = "$(BUILT_PRODUCTS_DIR)/UniqueCo.app/UniqueCo";
				FRAMEWORK_SEARCH_PATHS = (
					"$(SDKROOT)/Developer/Library/Frameworks",
					"$(inherited)",
					"$(DEVELOPER_FRAMEWORKS_DIR)",
				);
				GCC_PRECOMPILE_PREFIX_HEADER = YES;
				GCC_PREFIX_HEADER = "UniqueCo/UniqueCo-Prefix.pch";
				GCC_PREPROCESSOR_DEFINITIONS = (
					"DEBUG=1",
					"$(inherited)",
				);
				INFOPLIST_FILE = "UniqueCoTests/UniqueCoTests-Info.plist";
				PRODUCT_NAME = "$(TARGET_NAME)";
				TEST_HOST = "$(BUNDLE_LOADER)";
				WRAPPER_EXTENSION = xctest;
			};
			name = Debug;
		};
		88590F68180B824D0036DFFD /* Release */ = {
			isa = XCBuildConfiguration;
			buildSettings = {
				ARCHS = "$(ARCHS_STANDARD_INCLUDING_64_BIT)";
				BUNDLE_LOADER = "$(BUILT_PRODUCTS_DIR)/UniqueCo.app/UniqueCo";
				FRAMEWORK_SEARCH_PATHS = (
					"$(SDKROOT)/Developer/Library/Frameworks",
					"$(inherited)",
					"$(DEVELOPER_FRAMEWORKS_DIR)",
				);
				GCC_PRECOMPILE_PREFIX_HEADER = YES;
				GCC_PREFIX_HEADER = "UniqueCo/UniqueCo-Prefix.pch";
				INFOPLIST_FILE = "UniqueCoTests/UniqueCoTests-Info.plist";
				PRODUCT_NAME = "$(TARGET_NAME)";
				TEST_HOST = "$(BUNDLE_LOADER)";
				WRAPPER_EXTENSION = xctest;
			};
			name = Release;
		};
/* End XCBuildConfiguration section */

/* Begin XCConfigurationList section */
		88590F2C180B824D0036DFFD /* Build configuration list for PBXProject "UniqueCo" */ = {
			isa = XCConfigurationList;
			buildConfigurations = (
				88590F61180B824D0036DFFD /* Debug */,
				88590F62180B824D0036DFFD /* Release */,
			);
			defaultConfigurationIsVisible = 0;
			defaultConfigurationName = Release;
		};
		88590F63180B824D0036DFFD /* Build configuration list for PBXNativeTarget "UniqueCo" */ = {
			isa = XCConfigurationList;
			buildConfigurations = (
				88590F64180B824D0036DFFD /* Debug */,
				88590F65180B824D0036DFFD /* Release */,
			);
			defaultConfigurationIsVisible = 0;
			defaultConfigurationName = Release;
		};
		88590F66180B824D0036DFFD /* Build configuration list for PBXNativeTarget "UniqueCoTests" */ = {
			isa = XCConfigurationList;
			buildConfigurations = (
				88590F67180B824D0036DFFD /* Debug */,
				88590F68180B824D0036DFFD /* Release */,
			);
			defaultConfigurationIsVisible = 0;
			defaultConfigurationName = Release;
		};
/* End XCConfigurationList section */

/* Begin XCVersionGroup section */
		889F2208180CADE100ED62A3 /* Deck.xcdatamodeld */ = {
			isa = XCVersionGroup;
			children = (
				889F2209180CADE100ED62A3 /* Deck.xcdatamodel */,
			);
			currentVersion = 889F2209180CADE100ED62A3 /* Deck.xcdatamodel */;
			path = Deck.xcdatamodeld;
			sourceTree = "<group>";
			versionGroupType = wrapper.xcdatamodel;
		};
/* End XCVersionGroup section */
	};
	rootObject = 88590F29180B824D0036DFFD /* Project object */;
}
